<?xml version="1.0" encoding="utf-8"?>
<Project ToolsVersion="4.0" xmlns="http://schemas.microsoft.com/developer/msbuild/2003">
  <ItemGroup>
    <Filter Include="Source Files">
      <UniqueIdentifier>{4FC737F1-C7A5-4376-A066-2A32D752A2FF}</UniqueIdentifier>
      <Extensions>cpp;c;cc;cxx;c++;cppm;ixx;def;odl;idl;hpj;bat;asm;asmx</Extensions>
    </Filter>
    <Filter Include="Header Files">
      <UniqueIdentifier>{93995380-89BD-4b04-88EB-625FBE52EBFB}</UniqueIdentifier>
      <Extensions>h;hh;hpp;hxx;h++;hm;inl;inc;ipp;xsd</Extensions>
    </Filter>
    <Filter Include="Resource Files">
      <UniqueIdentifier>{67DA6AB6-F800-4c08-8B7A-83BB121AAD01}</UniqueIdentifier>
      <Extensions>rc;ico;cur;bmp;dlg;rc2;rct;bin;rgs;gif;jpg;jpeg;jpe;resx;tiff;tif;png;wav;mfcribbon-ms</Extensions>
    </Filter>
    <Filter Include="Header Files\App">
      <UniqueIdentifier>{73a1fa5b-d79e-4b93-8e63-40e3b41d61bc}</UniqueIdentifier>
    </Filter>
    <Filter Include="Source Files\App">
      <UniqueIdentifier>{5c128843-a362-4e63-93f0-dcadbd12e0db}</UniqueIdentifier>
    </Filter>
    <Filter Include="Header Files\Component">
      <UniqueIdentifier>{22f899b3-0e01-401e-8137-a767b575e8a6}</UniqueIdentifier>
    </Filter>
    <Filter Include="Source Files\Component">
      <UniqueIdentifier>{3ebe111c-49a6-4ba3-a823-be3e4d3091b7}</UniqueIdentifier>
    </Filter>
    <Filter Include="Header Files\Main">
      <UniqueIdentifier>{138d6161-3681-4113-abe9-c36c95113327}</UniqueIdentifier>
    </Filter>
    <Filter Include="Source Files\Main">
      <UniqueIdentifier>{830e0d24-7353-460b-8a33-3b92370167ac}</UniqueIdentifier>
    </Filter>
    <Filter Include="Header Files\Scene">
      <UniqueIdentifier>{185cce01-eef2-46e7-bd8d-ca9c4769df25}</UniqueIdentifier>
    </Filter>
    <Filter Include="Source Files\Scene">
      <UniqueIdentifier>{1d887ea2-9fce-46e3-86cb-bb63e1b986ca}</UniqueIdentifier>
    </Filter>
    <Filter Include="Source Files\Shader">
      <UniqueIdentifier>{4b8cda7c-9834-4ee8-9e15-4a9331776662}</UniqueIdentifier>
    </Filter>
  </ItemGroup>
  <ItemGroup>
    <ClInclude Include="Src\App\App.h">
      <Filter>Header Files\App</Filter>
    </ClInclude>
    <ClInclude Include="Src\Component\Camera.h">
      <Filter>Header Files\Component</Filter>
    </ClInclude>
    <ClInclude Include="Src\Component\Light.h">
      <Filter>Header Files\Component</Filter>
    </ClInclude>
    <ClInclude Include="Src\Component\Material.h">
      <Filter>Header Files\Component</Filter>
    </ClInclude>
    <ClInclude Include="Src\Component\Mesh.h">
      <Filter>Header Files\Component</Filter>
    </ClInclude>
    <ClInclude Include="Src\Component\Shader.h">
      <Filter>Header Files\Component</Filter>
    </ClInclude>
    <ClInclude Include="Src\Main\Constants.h">
      <Filter>Header Files\Main</Filter>
    </ClInclude>
    <ClInclude Include="Src\Main\Debug.h">
      <Filter>Header Files\Main</Filter>
    </ClInclude>
    <ClInclude Include="Src\Main\Global.h">
      <Filter>Header Files\Main</Filter>
    </ClInclude>
    <ClInclude Include="Src\Scene\Scene.h">
      <Filter>Header Files\Scene</Filter>
    </ClInclude>
    <ClInclude Include="Src\Scene\Scene_Animated.h">
      <Filter>Header Files\Scene</Filter>
    </ClInclude>
    <ClInclude Include="Src\Scene\Scene_Animated_GLSL.h">
      <Filter>Header Files\Scene</Filter>
    </ClInclude>
    <ClInclude Include="Src\Scene\Scene_Immediate.h">
      <Filter>Header Files\Scene</Filter>
    </ClInclude>
    <ClInclude Include="Src\Scene\Scene_Instanced.h">
      <Filter>Header Files\Scene</Filter>
    </ClInclude>
    <ClInclude Include="Src\Scene\Scene_Instanced_GLSL.h">
      <Filter>Header Files\Scene</Filter>
    </ClInclude>
    <ClInclude Include="Src\Scene\Scene_Modern.h">
      <Filter>Header Files\Scene</Filter>
    </ClInclude>
  </ItemGroup>
  <ItemGroup>
    <ClCompile Include="Src\App\App.cpp">
      <Filter>Source Files\App</Filter>
    </ClCompile>
    <ClCompile Include="Src\Component\Camera.cpp">
      <Filter>Source Files\Component</Filter>
    </ClCompile>
    <ClCompile Include="Src\Component\Mesh.cpp">
      <Filter>Source Files\Component</Filter>
    </ClCompile>
    <ClCompile Include="Src\Component\Shader.cpp">
      <Filter>Source Files\Component</Filter>
    </ClCompile>
    <ClCompile Include="Src\Main\glad.c">
      <Filter>Source Files\Main</Filter>
    </ClCompile>
    <ClCompile Include="Src\Main\Main.cpp">
      <Filter>Source Files\Main</Filter>
    </ClCompile>
    <ClCompile Include="Src\Scene\Scene.cpp">
      <Filter>Source Files\Scene</Filter>
    </ClCompile>
    <ClCompile Include="Src\Scene\Scene_Animated.cpp">
      <Filter>Source Files\Scene</Filter>
    </ClCompile>
    <ClCompile Include="Src\Scene\Scene_Animated_GLSL.cpp">
      <Filter>Source Files\Scene</Filter>
    </ClCompile>
    <ClCompile Include="Src\Scene\Scene_Immediate.cpp">
      <Filter>Source Files\Scene</Filter>
    </ClCompile>
    <ClCompile Include="Src\Scene\Scene_Instanced.cpp">
      <Filter>Source Files\Scene</Filter>
    </ClCompile>
    <ClCompile Include="Src\Scene\Scene_Instanced_GLSL.cpp">
      <Filter>Source Files\Scene</Filter>
    </ClCompile>
    <ClCompile Include="Src\Scene\Scene_Modern.cpp">
      <Filter>Source Files\Scene</Filter>
    </ClCompile>
  </ItemGroup>
  <ItemGroup>
    <None Include="Src\Shader\Fragment.glsl">
      <Filter>Source Files\Shader</Filter>
    </None>
    <None Include="Src\Shader\Geometry.glsl">
      <Filter>Source Files\Shader</Filter>
    </None>
    <None Include="Src\Shader\Geometry_Animated.glsl">
      <Filter>Source Files\Shader</Filter>
    </None>
    <None Include="Src\Shader\Geometry_Instanced.glsl">
      <Filter>Source Files\Shader</Filter>
    </None>
    <None Include="Src\Shader\Vertex.glsl">
      <Filter>Source Files\Shader</Filter>
    </None>
    <None Include="Src\Shader\Vertex_Animated.glsl">
      <Filter>Source Files\Shader</Filter>
    </None>
    <None Include="Src\Shader\Vertex_Instanced.glsl">
      <Filter>Source Files\Shader</Filter>
    </None>
  </ItemGroup>
</Project>